// !$*UTF8*$!
{
	archiveVersion = 1;
	classes = {
	};
	objectVersion = 46;
	objects = {

/* Begin PBXBuildFile section */
		25687B9D0E57FBC06FA3B00B /* libPods-JSDownloadViewDemo.a in Frameworks */ = {isa = PBXBuildFile; fileRef = 2E7353F0F09507E2C8FAD4EB /* libPods-JSDownloadViewDemo.a */; };
		542115AC1D867C5F002D4FB5 /* SystemConfiguration.framework in Frameworks */ = {isa = PBXBuildFile; fileRef = 542115AB1D867C5F002D4FB5 /* SystemConfiguration.framework */; };
		542115AE1D867C9D002D4FB5 /* CFNetwork.framework in Frameworks */ = {isa = PBXBuildFile; fileRef = 542115AD1D867C9D002D4FB5 /* CFNetwork.framework */; };
		542115B01D867CAC002D4FB5 /* Security.framework in Frameworks */ = {isa = PBXBuildFile; fileRef = 542115AF1D867CAC002D4FB5 /* Security.framework */; };
		542115B21D867CB2002D4FB5 /* MobileCoreServices.framework in Frameworks */ = {isa = PBXBuildFile; fileRef = 542115B11D867CB2002D4FB5 /* MobileCoreServices.framework */; };
		542115B51D867E7B002D4FB5 /* JSDownLoadManager.m in Sources */ = {isa = PBXBuildFile; fileRef = 542115B41D867E7B002D4FB5 /* JSDownLoadManager.m */; };
		546B78581D72E45400BC02B9 /* QuartzCore.framework in Frameworks */ = {isa = PBXBuildFile; fileRef = 546B78571D72E45400BC02B9 /* QuartzCore.framework */; };
		54AEF51E1D71789700666A6C /* main.m in Sources */ = {isa = PBXBuildFile; fileRef = 54AEF51D1D71789700666A6C /* main.m */; };
		54AEF5211D71789700666A6C /* AppDelegate.m in Sources */ = {isa = PBXBuildFile; fileRef = 54AEF5201D71789700666A6C /* AppDelegate.m */; };
		54AEF5241D71789700666A6C /* ViewController.m in Sources */ = {isa = PBXBuildFile; fileRef = 54AEF5231D71789700666A6C /* ViewController.m */; };
		54AEF5271D71789700666A6C /* Main.storyboard in Resources */ = {isa = PBXBuildFile; fileRef = 54AEF5251D71789700666A6C /* Main.storyboard */; };
		54AEF5291D71789700666A6C /* Assets.xcassets in Resources */ = {isa = PBXBuildFile; fileRef = 54AEF5281D71789700666A6C /* Assets.xcassets */; };
		54AEF52C1D71789700666A6C /* LaunchScreen.storyboard in Resources */ = {isa = PBXBuildFile; fileRef = 54AEF52A1D71789700666A6C /* LaunchScreen.storyboard */; };
/* End PBXBuildFile section */

/* Begin PBXFileReference section */
		2E7353F0F09507E2C8FAD4EB /* libPods-JSDownloadViewDemo.a */ = {isa = PBXFileReference; explicitFileType = archive.ar; includeInIndex = 0; path = "libPods-JSDownloadViewDemo.a"; sourceTree = BUILT_PRODUCTS_DIR; };
		542115AB1D867C5F002D4FB5 /* SystemConfiguration.framework */ = {isa = PBXFileReference; lastKnownFileType = wrapper.framework; name = SystemConfiguration.framework; path = System/Library/Frameworks/SystemConfiguration.framework; sourceTree = SDKROOT; };
		542115AD1D867C9D002D4FB5 /* CFNetwork.framework */ = {isa = PBXFileReference; lastKnownFileType = wrapper.framework; name = CFNetwork.framework; path = System/Library/Frameworks/CFNetwork.framework; sourceTree = SDKROOT; };
		542115AF1D867CAC002D4FB5 /* Security.framework */ = {isa = PBXFileReference; lastKnownFileType = wrapper.framework; name = Security.framework; path = System/Library/Frameworks/Security.framework; sourceTree = SDKROOT; };
		542115B11D867CB2002D4FB5 /* MobileCoreServices.framework */ = {isa = PBXFileReference; lastKnownFileType = wrapper.framework; name = MobileCoreServices.framework; path = System/Library/Frameworks/MobileCoreServices.framework; sourceTree = SDKROOT; };
		542115B31D867E7B002D4FB5 /* JSDownLoadManager.h */ = {isa = PBXFileReference; fileEncoding = 4; lastKnownFileType = sourcecode.c.h; path = JSDownLoadManager.h; sourceTree = "<group>"; };
		542115B41D867E7B002D4FB5 /* JSDownLoadManager.m */ = {isa = PBXFileReference; fileEncoding = 4; lastKnownFileType = sourcecode.c.objc; path = JSDownLoadManager.m; sourceTree = "<group>"; };
		546B78571D72E45400BC02B9 /* QuartzCore.framework */ = {isa = PBXFileReference; lastKnownFileType = wrapper.framework; name = QuartzCore.framework; path = System/Library/Frameworks/QuartzCore.framework; sourceTree = SDKROOT; };
		54AEF5191D71789700666A6C /* JSDownloadViewDemo.app */ = {isa = PBXFileReference; explicitFileType = wrapper.application; includeInIndex = 0; path = JSDownloadViewDemo.app; sourceTree = BUILT_PRODUCTS_DIR; };
		54AEF51D1D71789700666A6C /* main.m */ = {isa = PBXFileReference; lastKnownFileType = sourcecode.c.objc; path = main.m; sourceTree = "<group>"; };
		54AEF51F1D71789700666A6C /* AppDelegate.h */ = {isa = PBXFileReference; lastKnownFileType = sourcecode.c.h; path = AppDelegate.h; sourceTree = "<group>"; };
		54AEF5201D71789700666A6C /* AppDelegate.m */ = {isa = PBXFileReference; lastKnownFileType = sourcecode.c.objc; path = AppDelegate.m; sourceTree = "<group>"; };
		54AEF5221D71789700666A6C /* ViewController.h */ = {isa = PBXFileReference; lastKnownFileType = sourcecode.c.h; path = ViewController.h; sourceTree = "<group>"; };
		54AEF5231D71789700666A6C /* ViewController.m */ = {isa = PBXFileReference; lastKnownFileType = sourcecode.c.objc; path = ViewController.m; sourceTree = "<group>"; };
		54AEF5261D71789700666A6C /* Base */ = {isa = PBXFileReference; lastKnownFileType = file.storyboard; name = Base; path = Base.lproj/Main.storyboard; sourceTree = "<group>"; };
		54AEF5281D71789700666A6C /* Assets.xcassets */ = {isa = PBXFileReference; lastKnownFileType = folder.assetcatalog; path = Assets.xcassets; sourceTree = "<group>"; };
		54AEF52B1D71789700666A6C /* Base */ = {isa = PBXFileReference; lastKnownFileType = file.storyboard; name = Base; path = Base.lproj/LaunchScreen.storyboard; sourceTree = "<group>"; };
		54AEF52D1D71789700666A6C /* Info.plist */ = {isa = PBXFileReference; lastKnownFileType = text.plist.xml; path = Info.plist; sourceTree = "<group>"; };
		94F531E78BD218EBF4FE76DF /* Pods-JSDownloadViewDemo.release.xcconfig */ = {isa = PBXFileReference; includeInIndex = 1; lastKnownFileType = text.xcconfig; name = "Pods-JSDownloadViewDemo.release.xcconfig"; path = "Pods/Target Support Files/Pods-JSDownloadViewDemo/Pods-JSDownloadViewDemo.release.xcconfig"; sourceTree = "<group>"; };
		A9B67E39B6B2FB977A432046 /* Pods-JSDownloadViewDemo.debug.xcconfig */ = {isa = PBXFileReference; includeInIndex = 1; lastKnownFileType = text.xcconfig; name = "Pods-JSDownloadViewDemo.debug.xcconfig"; path = "Pods/Target Support Files/Pods-JSDownloadViewDemo/Pods-JSDownloadViewDemo.debug.xcconfig"; sourceTree = "<group>"; };
/* End PBXFileReference section */

/* Begin PBXFrameworksBuildPhase section */
		54AEF5161D71789700666A6C /* Frameworks */ = {
			isa = PBXFrameworksBuildPhase;
			buildActionMask = 2147483647;
			files = (
				542115B21D867CB2002D4FB5 /* MobileCoreServices.framework in Frameworks */,
				542115B01D867CAC002D4FB5 /* Security.framework in Frameworks */,
				542115AE1D867C9D002D4FB5 /* CFNetwork.framework in Frameworks */,
				542115AC1D867C5F002D4FB5 /* SystemConfiguration.framework in Frameworks */,
				546B78581D72E45400BC02B9 /* QuartzCore.framework in Frameworks */,
				25687B9D0E57FBC06FA3B00B /* libPods-JSDownloadViewDemo.a in Frameworks */,
			);
			runOnlyForDeploymentPostprocessing = 0;
		};
/* End PBXFrameworksBuildPhase section */

/* Begin PBXGroup section */
		54AEF5101D71789700666A6C = {
			isa = PBXGroup;
			children = (
				546B78571D72E45400BC02B9 /* QuartzCore.framework */,
				54AEF51B1D71789700666A6C /* JSDownloadView */,
				54AEF51A1D71789700666A6C /* Products */,
				924AC4356D4E5EB729DD4BD3 /* Pods */,
				D7EE8A5576C900DB44B083B8 /* Frameworks */,
			);
			sourceTree = "<group>";
		};
		54AEF51A1D71789700666A6C /* Products */ = {
			isa = PBXGroup;
			children = (
				54AEF5191D71789700666A6C /* JSDownloadViewDemo.app */,
			);
			name = Products;
			sourceTree = "<group>";
		};
		54AEF51B1D71789700666A6C /* JSDownloadView */ = {
			isa = PBXGroup;
			children = (
				54AEF51F1D71789700666A6C /* AppDelegate.h */,
				54AEF5201D71789700666A6C /* AppDelegate.m */,
				54AEF5221D71789700666A6C /* ViewController.h */,
				54AEF5231D71789700666A6C /* ViewController.m */,
				542115B31D867E7B002D4FB5 /* JSDownLoadManager.h */,
				542115B41D867E7B002D4FB5 /* JSDownLoadManager.m */,
				54AEF5281D71789700666A6C /* Assets.xcassets */,
				54AEF5251D71789700666A6C /* Main.storyboard */,
				54AEF52A1D71789700666A6C /* LaunchScreen.storyboard */,
				54AEF52D1D71789700666A6C /* Info.plist */,
				54AEF51C1D71789700666A6C /* Supporting Files */,
			);
			path = JSDownloadView;
			sourceTree = "<group>";
		};
		54AEF51C1D71789700666A6C /* Supporting Files */ = {
			isa = PBXGroup;
			children = (
				54AEF51D1D71789700666A6C /* main.m */,
			);
			name = "Supporting Files";
			sourceTree = "<group>";
		};
		924AC4356D4E5EB729DD4BD3 /* Pods */ = {
			isa = PBXGroup;
			children = (
				A9B67E39B6B2FB977A432046 /* Pods-JSDownloadViewDemo.debug.xcconfig */,
				94F531E78BD218EBF4FE76DF /* Pods-JSDownloadViewDemo.release.xcconfig */,
			);
			name = Pods;
			sourceTree = "<group>";
		};
		D7EE8A5576C900DB44B083B8 /* Frameworks */ = {
			isa = PBXGroup;
			children = (
				542115B11D867CB2002D4FB5 /* MobileCoreServices.framework */,
				542115AF1D867CAC002D4FB5 /* Security.framework */,
				542115AD1D867C9D002D4FB5 /* CFNetwork.framework */,
				542115AB1D867C5F002D4FB5 /* SystemConfiguration.framework */,
				2E7353F0F09507E2C8FAD4EB /* libPods-JSDownloadViewDemo.a */,
			);
			name = Frameworks;
			sourceTree = "<group>";
		};
/* End PBXGroup section */

/* Begin PBXNativeTarget section */
		54AEF5181D71789700666A6C /* JSDownloadViewDemo */ = {
			isa = PBXNativeTarget;
			buildConfigurationList = 54AEF5301D71789700666A6C /* Build configuration list for PBXNativeTarget "JSDownloadViewDemo" */;
			buildPhases = (
				1FCACE293EF2C4239E380BAD /* [CP] Check Pods Manifest.lock */,
				54AEF5151D71789700666A6C /* Sources */,
				54AEF5161D71789700666A6C /* Frameworks */,
				54AEF5171D71789700666A6C /* Resources */,
				D58E97464B7A9379B7AC2CFF /* [CP] Embed Pods Frameworks */,
				304812C8FAE68DE94B42D7F4 /* [CP] Copy Pods Resources */,
			);
			buildRules = (
			);
			dependencies = (
			);
			name = JSDownloadViewDemo;
			productName = JSDownloadView;
			productReference = 54AEF5191D71789700666A6C /* JSDownloadViewDemo.app */;
			productType = "com.apple.product-type.application";
		};
/* End PBXNativeTarget section */

/* Begin PBXProject section */
		54AEF5111D71789700666A6C /* Project object */ = {
			isa = PBXProject;
			attributes = {
				LastUpgradeCheck = 0730;
				ORGANIZATIONNAME = "乔同新";
				TargetAttributes = {
					54AEF5181D71789700666A6C = {
						CreatedOnToolsVersion = 7.3.1;
					};
				};
			};
			buildConfigurationList = 54AEF5141D71789700666A6C /* Build configuration list for PBXProject "JSDownloadViewDemo" */;
			compatibilityVersion = "Xcode 3.2";
			developmentRegion = English;
			hasScannedForEncodings = 0;
			knownRegions = (
				en,
				Base,
			);
			mainGroup = 54AEF5101D71789700666A6C;
			productRefGroup = 54AEF51A1D71789700666A6C /* Products */;
			projectDirPath = "";
			projectRoot = "";
			targets = (
				54AEF5181D71789700666A6C /* JSDownloadViewDemo */,
			);
		};
/* End PBXProject section */

/* Begin PBXResourcesBuildPhase section */
		54AEF5171D71789700666A6C /* Resources */ = {
			isa = PBXResourcesBuildPhase;
			buildActionMask = 2147483647;
			files = (
				54AEF52C1D71789700666A6C /* LaunchScreen.storyboard in Resources */,
				54AEF5291D71789700666A6C /* Assets.xcassets in Resources */,
				54AEF5271D71789700666A6C /* Main.storyboard in Resources */,
			);
			runOnlyForDeploymentPostprocessing = 0;
		};
/* End PBXResourcesBuildPhase section */

/* Begin PBXShellScriptBuildPhase section */
		1FCACE293EF2C4239E380BAD /* [CP] Check Pods Manifest.lock */ = {
			isa = PBXShellScriptBuildPhase;
			buildActionMask = 2147483647;
			files = (
			);
			inputPaths = (
			);
			name = "[CP] Check Pods Manifest.lock";
			outputPaths = (
			);
			runOnlyForDeploymentPostprocessing = 0;
			shellPath = /bin/sh;
			shellScript = "diff \"${PODS_ROOT}/../Podfile.lock\" \"${PODS_ROOT}/Manifest.lock\" > /dev/null\nif [[ $? != 0 ]] ; then\n    cat << EOM\nerror: The sandbox is not in sync with the Podfile.lock. Run 'pod install' or update your CocoaPods installation.\nEOM\n    exit 1\nfi\n";
			showEnvVarsInLog = 0;
		};
		304812C8FAE68DE94B42D7F4 /* [CP] Copy Pods Resources */ = {
			isa = PBXShellScriptBuildPhase;
			buildActionMask = 2147483647;
			files = (
			);
			inputPaths = (
			);
			name = "[CP] Copy Pods Resources";
			outputPaths = (
			);
			runOnlyForDeploymentPostprocessing = 0;
			shellPath = /bin/sh;
			shellScript = "\"${SRCROOT}/Pods/Target Support Files/Pods-JSDownloadViewDemo/Pods-JSDownloadViewDemo-resources.sh\"\n";
			showEnvVarsInLog = 0;
		};
		D58E97464B7A9379B7AC2CFF /* [CP] Embed Pods Frameworks */ = {
			isa = PBXShellScriptBuildPhase;
			buildActionMask = 2147483647;
			files = (
			);
			inputPaths = (
			);
			name = "[CP] Embed Pods Frameworks";
			outputPaths = (
			);
			runOnlyForDeploymentPostprocessing = 0;
			shellPath = /bin/sh;
			shellScript = "\"${SRCROOT}/Pods/Target Support Files/Pods-JSDownloadViewDemo/Pods-JSDownloadViewDemo-frameworks.sh\"\n";
			showEnvVarsInLog = 0;
		};
/* End PBXShellScriptBuildPhase section */

/* Begin PBXSourcesBuildPhase section */
		54AEF5151D71789700666A6C /* Sources */ = {
			isa = PBXSourcesBuildPhase;
			buildActionMask = 2147483647;
			files = (
				54AEF5241D71789700666A6C /* ViewController.m in Sources */,
				54AEF5211D71789700666A6C /* AppDelegate.m in Sources */,
				54AEF51E1D71789700666A6C /* main.m in Sources */,
				542115B51D867E7B002D4FB5 /* JSDownLoadManager.m in Sources */,
			);
			runOnlyForDeploymentPostprocessing = 0;
		};
/* End PBXSourcesBuildPhase section */

/* Begin PBXVariantGroup section */
		54AEF5251D71789700666A6C /* Main.storyboard */ = {
			isa = PBXVariantGroup;
			children = (
				54AEF5261D71789700666A6C /* Base */,
			);
			name = Main.storyboard;
			sourceTree = "<group>";
		};
		54AEF52A1D71789700666A6C /* LaunchScreen.storyboard */ = {
			isa = PBXVariantGroup;
			children = (
				54AEF52B1D71789700666A6C /* Base */,
			);
			name = LaunchScreen.storyboard;
			sourceTree = "<group>";
		};
/* End PBXVariantGroup section */

/* Begin XCBuildConfiguration section */
		54AEF52E1D71789700666A6C /* Debug */ = {
			isa = XCBuildConfiguration;
			buildSettings = {
				ALWAYS_SEARCH_USER_PATHS = NO;
				CLANG_ANALYZER_NONNULL = YES;
				CLANG_CXX_LANGUAGE_STANDARD = "gnu++0x";
				CLANG_CXX_LIBRARY = "libc++";
				CLANG_ENABLE_MODULES = YES;
				CLANG_ENABLE_OBJC_ARC = YES;
				CLANG_WARN_BOOL_CONVERSION = YES;
				CLANG_WARN_CONSTANT_CONVERSION = YES;
				CLANG_WARN_DIRECT_OBJC_ISA_USAGE = YES_ERROR;
				CLANG_WARN_EMPTY_BODY = YES;
				CLANG_WARN_ENUM_CONVERSION = YES;
				CLANG_WARN_INT_CONVERSION = YES;
				CLANG_WARN_OBJC_ROOT_CLASS = YES_ERROR;
				CLANG_WARN_UNREACHABLE_CODE = YES;
				CLANG_WARN__DUPLICATE_METHOD_MATCH = YES;
				"CODE_SIGN_IDENTITY[sdk=iphoneos*]" = "iPhone Developer";
				COPY_PHASE_STRIP = NO;
				DEBUG_INFORMATION_FORMAT = dwarf;
				ENABLE_STRICT_OBJC_MSGSEND = YES;
				ENABLE_TESTABILITY = YES;
				GCC_C_LANGUAGE_STANDARD = gnu99;
				GCC_DYNAMIC_NO_PIC = NO;
				GCC_NO_COMMON_BLOCKS = YES;
				GCC_OPTIMIZATION_LEVEL = 0;
				GCC_PREPROCESSOR_DEFINITIONS = (
					"DEBUG=1",
					"$(inherited)",
				);
				GCC_WARN_64_TO_32_BIT_CONVERSION = YES;
				GCC_WARN_ABOUT_RETURN_TYPE = YES_ERROR;
				GCC_WARN_UNDECLARED_SELECTOR = YES;
				GCC_WARN_UNINITIALIZED_AUTOS = YES_AGGRESSIVE;
				GCC_WARN_UNUSED_FUNCTION = YES;
				GCC_WARN_UNUSED_VARIABLE = YES;
				IPHONEOS_DEPLOYMENT_TARGET = 9.3;
				MTL_ENABLE_DEBUG_INFO = YES;
				ONLY_ACTIVE_ARCH = YES;
				SDKROOT = iphoneos;
			};
			name = Debug;
		};
		54AEF52F1D71789700666A6C /* Release */ = {
			isa = XCBuildConfiguration;
			buildSettings = {
				ALWAYS_SEARCH_USER_PATHS = NO;
				CLANG_ANALYZER_NONNULL = YES;
				CLANG_CXX_LANGUAGE_STANDARD = "gnu++0x";
				CLANG_CXX_LIBRARY = "libc++";
				CLANG_ENABLE_MODULES = YES;
				CLANG_ENABLE_OBJC_ARC = YES;
				CLANG_WARN_BOOL_CONVERSION = YES;
				CLANG_WARN_CONSTANT_CONVERSION = YES;
				CLANG_WARN_DIRECT_OBJC_ISA_USAGE = YES_ERROR;
				CLANG_WARN_EMPTY_BODY = YES;
				CLANG_WARN_ENUM_CONVERSION = YES;
				CLANG_WARN_INT_CONVERSION = YES;
				CLANG_WARN_OBJC_ROOT_CLASS = YES_ERROR;
				CLANG_WARN_UNREACHABLE_CODE = YES;
				CLANG_WARN__DUPLICATE_METHOD_MATCH = YES;
				"CODE_SIGN_IDENTITY[sdk=iphoneos*]" = "iPhone Developer";
				COPY_PHASE_STRIP = NO;
				DEBUG_INFORMATION_FORMAT = "dwarf-with-dsym";
				ENABLE_NS_ASSERTIONS = NO;
				ENABLE_STRICT_OBJC_MSGSEND = YES;
				GCC_C_LANGUAGE_STANDARD = gnu99;
				GCC_NO_COMMON_BLOCKS = YES;
				GCC_WARN_64_TO_32_BIT_CONVERSION = YES;
				GCC_WARN_ABOUT_RETURN_TYPE = YES_ERROR;
				GCC_WARN_UNDECLARED_SELECTOR = YES;
				GCC_WARN_UNINITIALIZED_AUTOS = YES_AGGRESSIVE;
				GCC_WARN_UNUSED_FUNCTION = YES;
				GCC_WARN_UNUSED_VARIABLE = YES;
				IPHONEOS_DEPLOYMENT_TARGET = 9.3;
				MTL_ENABLE_DEBUG_INFO = NO;
				SDKROOT = iphoneos;
				VALIDATE_PRODUCT = YES;
			};
			name = Release;
		};
		54AEF5311D71789700666A6C /* Debug */ = {
			isa = XCBuildConfiguration;
			baseConfigurationReference = A9B67E39B6B2FB977A432046 /* Pods-JSDownloadViewDemo.debug.xcconfig */;
			buildSettings = {
				ASSETCATALOG_COMPILER_APPICON_NAME = AppIcon;
				INFOPLIST_FILE = JSDownloadView/Info.plist;
				IPHONEOS_DEPLOYMENT_TARGET = 8.4;
				LD_RUNPATH_SEARCH_PATHS = "$(inherited) @executable_path/Frameworks";
				PRODUCT_BUNDLE_IDENTIFIER = com.jyd.JSDownloadView;
				PRODUCT_NAME = JSDownloadViewDemo;
			};
			name = Debug;
		};
		54AEF5321D71789700666A6C /* Release */ = {
			isa = XCBuildConfiguration;
			baseConfigurationReference = 94F531E78BD218EBF4FE76DF /* Pods-JSDownloadViewDemo.release.xcconfig */;
			buildSettings = {
				ASSETCATALOG_COMPILER_APPICON_NAME = AppIcon;
				INFOPLIST_FILE = JSDownloadView/Info.plist;
				IPHONEOS_DEPLOYMENT_TARGET = 8.4;
				LD_RUNPATH_SEARCH_PATHS = "$(inherited) @executable_path/Frameworks";
				PRODUCT_BUNDLE_IDENTIFIER = com.jyd.JSDownloadView;
				PRODUCT_NAME = JSDownloadViewDemo;
			};
			name = Release;
		};
/* End XCBuildConfiguration section */

/* Begin XCConfigurationList section */
		54AEF5141D71789700666A6C /* Build configuration list for PBXProject "JSDownloadViewDemo" */ = {
			isa = XCConfigurationList;
			buildConfigurations = (
				54AEF52E1D71789700666A6C /* Debug */,
				54AEF52F1D71789700666A6C /* Release */,
			);
			defaultConfigurationIsVisible = 0;
			defaultConfigurationName = Release;
		};
		54AEF5301D71789700666A6C /* Build configuration list for PBXNativeTarget "JSDownloadViewDemo" */ = {
			isa = XCConfigurationList;
			buildConfigurations = (
				54AEF5311D71789700666A6C /* Debug */,
				54AEF5321D71789700666A6C /* Release */,
			);
			defaultConfigurationIsVisible = 0;
			defaultConfigurationName = Release;
		};
/* End XCConfigurationList section */
	};
	rootObject = 54AEF5111D71789700666A6C /* Project object */;
}
